# THIS IS AN AUTOGENERATED FILE. DO NOT EDIT THIS FILE DIRECTLY.
# yarn lockfile v1


klona@^2.0.4:
  version "2.0.4"
  resolved "https://registry.npm.taobao.org/klona/download/klona-2.0.4.tgz#7bb1e3affb0cb8624547ef7e8f6708ea2e39dfc0"
  integrity sha1-e7Hjr/sMuGJFR+9+j2cI6i4538A=

less-loader@^10.2.0:
  version "10.2.0"
  resolved "https://registry.npmmirror.com/less-loader/download/less-loader-10.2.0.tgz?cache=0&sync_timestamp=1634563244377&other_urls=https%3A%2F%2Fregistry.npmmirror.com%2Fless-loader%2Fdownload%2Fless-loader-10.2.0.tgz#97286d8797dc3dc05b1d16b0ecec5f968bdd4e32"
  integrity sha1-lyhth5fcPcBbHRaw7OxflovdTjI=
  dependencies:
    klona "^2.0.4"
